// !$*UTF8*$!
{
	archiveVersion = 1;
	classes = {
	};
	objectVersion = 56;
	objects = {

/* Begin PBXBuildFile section */
		526909B92BE33B9B009BE4C5 /* ShoppingAppApp.swift in Sources */ = {isa = PBXBuildFile; fileRef = 526909B82BE33B9B009BE4C5 /* ShoppingAppApp.swift */; };
		526909BB2BE33B9B009BE4C5 /* ContentView.swift in Sources */ = {isa = PBXBuildFile; fileRef = 526909BA2BE33B9B009BE4C5 /* ContentView.swift */; };
		526909BD2BE33B9D009BE4C5 /* Assets.xcassets in Resources */ = {isa = PBXBuildFile; fileRef = 526909BC2BE33B9D009BE4C5 /* Assets.xcassets */; };
		526909C02BE33B9D009BE4C5 /* Preview Assets.xcassets in Resources */ = {isa = PBXBuildFile; fileRef = 526909BF2BE33B9D009BE4C5 /* Preview Assets.xcassets */; };
		526909C72BE33E26009BE4C5 /* OnboardingScreenView.swift in Sources */ = {isa = PBXBuildFile; fileRef = 526909C62BE33E26009BE4C5 /* OnboardingScreenView.swift */; };
		526909CA2BE33EB2009BE4C5 /* HomeScreen.swift in Sources */ = {isa = PBXBuildFile; fileRef = 526909C92BE33EB2009BE4C5 /* HomeScreen.swift */; };
		526909CD2BE3636F009BE4C5 /* ImageData.swift in Sources */ = {isa = PBXBuildFile; fileRef = 526909CC2BE3636F009BE4C5 /* ImageData.swift */; };
		526909CF2BE3639F009BE4C5 /* NearYouData.swift in Sources */ = {isa = PBXBuildFile; fileRef = 526909CE2BE3639F009BE4C5 /* NearYouData.swift */; };
		526909D32BE366D2009BE4C5 /* FruitCardView.swift in Sources */ = {isa = PBXBuildFile; fileRef = 526909D22BE366D2009BE4C5 /* FruitCardView.swift */; };
		526909D52BE3883D009BE4C5 /* DetailsView.swift in Sources */ = {isa = PBXBuildFile; fileRef = 526909D42BE3883D009BE4C5 /* DetailsView.swift */; };
		526909D72BE3889A009BE4C5 /* TopSellingView.swift in Sources */ = {isa = PBXBuildFile; fileRef = 526909D62BE3889A009BE4C5 /* TopSellingView.swift */; };
		52FA2B392BE4E436002DA8AC /* NearYouView.swift in Sources */ = {isa = PBXBuildFile; fileRef = 52FA2B382BE4E436002DA8AC /* NearYouView.swift */; };
/* End PBXBuildFile section */

/* Begin PBXFileReference section */
		526909B52BE33B9B009BE4C5 /* ShoppingApp.app */ = {isa = PBXFileReference; explicitFileType = wrapper.application; includeInIndex = 0; path = ShoppingApp.app; sourceTree = BUILT_PRODUCTS_DIR; };
		526909B82BE33B9B009BE4C5 /* ShoppingAppApp.swift */ = {isa = PBXFileReference; lastKnownFileType = sourcecode.swift; path = ShoppingAppApp.swift; sourceTree = "<group>"; };
		526909BA2BE33B9B009BE4C5 /* ContentView.swift */ = {isa = PBXFileReference; lastKnownFileType = sourcecode.swift; path = ContentView.swift; sourceTree = "<group>"; };
		526909BC2BE33B9D009BE4C5 /* Assets.xcassets */ = {isa = PBXFileReference; lastKnownFileType = folder.assetcatalog; path = Assets.xcassets; sourceTree = "<group>"; };
		526909BF2BE33B9D009BE4C5 /* Preview Assets.xcassets */ = {isa = PBXFileReference; lastKnownFileType = folder.assetcatalog; path = "Preview Assets.xcassets"; sourceTree = "<group>"; };
		526909C62BE33E26009BE4C5 /* OnboardingScreenView.swift */ = {isa = PBXFileReference; lastKnownFileType = sourcecode.swift; path = OnboardingScreenView.swift; sourceTree = "<group>"; };
		526909C92BE33EB2009BE4C5 /* HomeScreen.swift */ = {isa = PBXFileReference; lastKnownFileType = sourcecode.swift; path = HomeScreen.swift; sourceTree = "<group>"; };
		526909CC2BE3636F009BE4C5 /* ImageData.swift */ = {isa = PBXFileReference; lastKnownFileType = sourcecode.swift; path = ImageData.swift; sourceTree = "<group>"; };
		526909CE2BE3639F009BE4C5 /* NearYouData.swift */ = {isa = PBXFileReference; lastKnownFileType = sourcecode.swift; path = NearYouData.swift; sourceTree = "<group>"; };
		526909D22BE366D2009BE4C5 /* FruitCardView.swift */ = {isa = PBXFileReference; lastKnownFileType = sourcecode.swift; path = FruitCardView.swift; sourceTree = "<group>"; };
		526909D42BE3883D009BE4C5 /* DetailsView.swift */ = {isa = PBXFileReference; lastKnownFileType = sourcecode.swift; path = DetailsView.swift; sourceTree = "<group>"; };
		526909D62BE3889A009BE4C5 /* TopSellingView.swift */ = {isa = PBXFileReference; lastKnownFileType = sourcecode.swift; path = TopSellingView.swift; sourceTree = "<group>"; };
		52FA2B382BE4E436002DA8AC /* NearYouView.swift */ = {isa = PBXFileReference; lastKnownFileType = sourcecode.swift; path = NearYouView.swift; sourceTree = "<group>"; };
/* End PBXFileReference section */

/* Begin PBXFrameworksBuildPhase section */
		526909B22BE33B9B009BE4C5 /* Frameworks */ = {
			isa = PBXFrameworksBuildPhase;
			buildActionMask = 2147483647;
			files = (
			);
			runOnlyForDeploymentPostprocessing = 0;
		};
/* End PBXFrameworksBuildPhase section */

/* Begin PBXGroup section */
		526909AC2BE33B9B009BE4C5 = {
			isa = PBXGroup;
			children = (
				526909B72BE33B9B009BE4C5 /* ShoppingApp */,
				526909B62BE33B9B009BE4C5 /* Products */,
			);
			sourceTree = "<group>";
		};
		526909B62BE33B9B009BE4C5 /* Products */ = {
			isa = PBXGroup;
			children = (
				526909B52BE33B9B009BE4C5 /* ShoppingApp.app */,
			);
			name = Products;
			sourceTree = "<group>";
		};
		526909B72BE33B9B009BE4C5 /* ShoppingApp */ = {
			isa = PBXGroup;
			children = (
				526909CB2BE36328009BE4C5 /* model */,
				526909C82BE33E59009BE4C5 /* HomeScreenViews */,
				526909B82BE33B9B009BE4C5 /* ShoppingAppApp.swift */,
				526909BA2BE33B9B009BE4C5 /* ContentView.swift */,
				526909BC2BE33B9D009BE4C5 /* Assets.xcassets */,
				526909BE2BE33B9D009BE4C5 /* Preview Content */,
				526909C62BE33E26009BE4C5 /* OnboardingScreenView.swift */,
			);
			path = ShoppingApp;
			sourceTree = "<group>";
		};
		526909BE2BE33B9D009BE4C5 /* Preview Content */ = {
			isa = PBXGroup;
			children = (
				526909BF2BE33B9D009BE4C5 /* Preview Assets.xcassets */,
			);
			path = "Preview Content";
			sourceTree = "<group>";
		};
		526909C82BE33E59009BE4C5 /* HomeScreenViews */ = {
			isa = PBXGroup;
			children = (
				526909C92BE33EB2009BE4C5 /* HomeScreen.swift */,
				526909D22BE366D2009BE4C5 /* FruitCardView.swift */,
				526909D42BE3883D009BE4C5 /* DetailsView.swift */,
				526909D62BE3889A009BE4C5 /* TopSellingView.swift */,
				52FA2B382BE4E436002DA8AC /* NearYouView.swift */,
			);
			path = HomeScreenViews;
			sourceTree = "<group>";
		};
		526909CB2BE36328009BE4C5 /* model */ = {
			isa = PBXGroup;
			children = (
				526909CC2BE3636F009BE4C5 /* ImageData.swift */,
				526909CE2BE3639F009BE4C5 /* NearYouData.swift */,
			);
			path = model;
			sourceTree = "<group>";
		};
/* End PBXGroup section */

/* Begin PBXNativeTarget section */
		526909B42BE33B9B009BE4C5 /* ShoppingApp */ = {
			isa = PBXNativeTarget;
			buildConfigurationList = 526909C32BE33B9D009BE4C5 /* Build configuration list for PBXNativeTarget "ShoppingApp" */;
			buildPhases = (
				526909B12BE33B9B009BE4C5 /* Sources */,
				526909B22BE33B9B009BE4C5 /* Frameworks */,
				526909B32BE33B9B009BE4C5 /* Resources */,
			);
			buildRules = (
			);
			dependencies = (
			);
			name = ShoppingApp;
			productName = ShoppingApp;
			productReference = 526909B52BE33B9B009BE4C5 /* ShoppingApp.app */;
			productType = "com.apple.product-type.application";
		};
/* End PBXNativeTarget section */

/* Begin PBXProject section */
		526909AD2BE33B9B009BE4C5 /* Project object */ = {
			isa = PBXProject;
			attributes = {
				BuildIndependentTargetsInParallel = 1;
				LastSwiftUpdateCheck = 1500;
				LastUpgradeCheck = 1500;
				TargetAttributes = {
					526909B42BE33B9B009BE4C5 = {
						CreatedOnToolsVersion = 15.0.1;
					};
				};
			};
			buildConfigurationList = 526909B02BE33B9B009BE4C5 /* Build configuration list for PBXProject "ShoppingApp" */;
			compatibilityVersion = "Xcode 14.0";
			developmentRegion = en;
			hasScannedForEncodings = 0;
			knownRegions = (
				en,
				Base,
			);
			mainGroup = 526909AC2BE33B9B009BE4C5;
			productRefGroup = 526909B62BE33B9B009BE4C5 /* Products */;
			projectDirPath = "";
			projectRoot = "";
			targets = (
				526909B42BE33B9B009BE4C5 /* ShoppingApp */,
			);
		};
/* End PBXProject section */

/* Begin PBXResourcesBuildPhase section */
		526909B32BE33B9B009BE4C5 /* Resources */ = {
			isa = PBXResourcesBuildPhase;
			buildActionMask = 2147483647;
			files = (
				526909C02BE33B9D009BE4C5 /* Preview Assets.xcassets in Resources */,
				526909BD2BE33B9D009BE4C5 /* Assets.xcassets in Resources */,
			);
			runOnlyForDeploymentPostprocessing = 0;
		};
/* End PBXResourcesBuildPhase section */

/* Begin PBXSourcesBuildPhase section */
		526909B12BE33B9B009BE4C5 /* Sources */ = {
			isa = PBXSourcesBuildPhase;
			buildActionMask = 2147483647;
			files = (
				526909CA2BE33EB2009BE4C5 /* HomeScreen.swift in Sources */,
				526909CF2BE3639F009BE4C5 /* NearYouData.swift in Sources */,
				526909D72BE3889A009BE4C5 /* TopSellingView.swift in Sources */,
				526909BB2BE33B9B009BE4C5 /* ContentView.swift in Sources */,
				526909C72BE33E26009BE4C5 /* OnboardingScreenView.swift in Sources */,
				526909D32BE366D2009BE4C5 /* FruitCardView.swift in Sources */,
				52FA2B392BE4E436002DA8AC /* NearYouView.swift in Sources */,
				526909D52BE3883D009BE4C5 /* DetailsView.swift in Sources */,
				526909CD2BE3636F009BE4C5 /* ImageData.swift in Sources */,
				526909B92BE33B9B009BE4C5 /* ShoppingAppApp.swift in Sources */,
			);
			runOnlyForDeploymentPostprocessing = 0;
		};
/* End PBXSourcesBuildPhase section */

/* Begin XCBuildConfiguration section */
		526909C12BE33B9D009BE4C5 /* Debug */ = {
			isa = XCBuildConfiguration;
			buildSettings = {
				ALWAYS_SEARCH_USER_PATHS = NO;
				ASSETCATALOG_COMPILER_GENERATE_SWIFT_ASSET_SYMBOL_EXTENSIONS = YES;
				CLANG_ANALYZER_NONNULL = YES;
				CLANG_ANALYZER_NUMBER_OBJECT_CONVERSION = YES_AGGRESSIVE;
				CLANG_CXX_LANGUAGE_STANDARD = "gnu++20";
				CLANG_ENABLE_MODULES = YES;
				CLANG_ENABLE_OBJC_ARC = YES;
				CLANG_ENABLE_OBJC_WEAK = YES;
				CLANG_WARN_BLOCK_CAPTURE_AUTORELEASING = YES;
				CLANG_WARN_BOOL_CONVERSION = YES;
				CLANG_WARN_COMMA = YES;
				CLANG_WARN_CONSTANT_CONVERSION = YES;
				CLANG_WARN_DEPRECATED_OBJC_IMPLEMENTATIONS = YES;
				CLANG_WARN_DIRECT_OBJC_ISA_USAGE = YES_ERROR;
				CLANG_WARN_DOCUMENTATION_COMMENTS = YES;
				CLANG_WARN_EMPTY_BODY = YES;
				CLANG_WARN_ENUM_CONVERSION = YES;
				CLANG_WARN_INFINITE_RECURSION = YES;
				CLANG_WARN_INT_CONVERSION = YES;
				CLANG_WARN_NON_LITERAL_NULL_CONVERSION = YES;
				CLANG_WARN_OBJC_IMPLICIT_RETAIN_SELF = YES;
				CLANG_WARN_OBJC_LITERAL_CONVERSION = YES;
				CLANG_WARN_OBJC_ROOT_CLASS = YES_ERROR;
				CLANG_WARN_QUOTED_INCLUDE_IN_FRAMEWORK_HEADER = YES;
				CLANG_WARN_RANGE_LOOP_ANALYSIS = YES;
				CLANG_WARN_STRICT_PROTOTYPES = YES;
				CLANG_WARN_SUSPICIOUS_MOVE = YES;
				CLANG_WARN_UNGUARDED_AVAILABILITY = YES_AGGRESSIVE;
				CLANG_WARN_UNREACHABLE_CODE = YES;
				CLANG_WARN__DUPLICATE_METHOD_MATCH = YES;
				COPY_PHASE_STRIP = NO;
				DEBUG_INFORMATION_FORMAT = dwarf;
				ENABLE_STRICT_OBJC_MSGSEND = YES;
				ENABLE_TESTABILITY = YES;
				ENABLE_USER_SCRIPT_SANDBOXING = YES;
				GCC_C_LANGUAGE_STANDARD = gnu17;
				GCC_DYNAMIC_NO_PIC = NO;
				GCC_NO_COMMON_BLOCKS = YES;
				GCC_OPTIMIZATION_LEVEL = 0;
				GCC_PREPROCESSOR_DEFINITIONS = (
					"DEBUG=1",
					"$(inherited)",
				);
				GCC_WARN_64_TO_32_BIT_CONVERSION = YES;
				GCC_WARN_ABOUT_RETURN_TYPE = YES_ERROR;
				GCC_WARN_UNDECLARED_SELECTOR = YES;
				GCC_WARN_UNINITIALIZED_AUTOS = YES_AGGRESSIVE;
				GCC_WARN_UNUSED_FUNCTION = YES;
				GCC_WARN_UNUSED_VARIABLE = YES;
				IPHONEOS_DEPLOYMENT_TARGET = 17.0;
				LOCALIZATION_PREFERS_STRING_CATALOGS = YES;
				MTL_ENABLE_DEBUG_INFO = INCLUDE_SOURCE;
				MTL_FAST_MATH = YES;
				ONLY_ACTIVE_ARCH = YES;
				SDKROOT = iphoneos;
				SWIFT_ACTIVE_COMPILATION_CONDITIONS = "DEBUG $(inherited)";
				SWIFT_OPTIMIZATION_LEVEL = "-Onone";
			};
			name = Debug;
		};
		526909C22BE33B9D009BE4C5 /* Release */ = {
			isa = XCBuildConfiguration;
			buildSettings = {
				ALWAYS_SEARCH_USER_PATHS = NO;
				ASSETCATALOG_COMPILER_GENERATE_SWIFT_ASSET_SYMBOL_EXTENSIONS = YES;
				CLANG_ANALYZER_NONNULL = YES;
				CLANG_ANALYZER_NUMBER_OBJECT_CONVERSION = YES_AGGRESSIVE;
				CLANG_CXX_LANGUAGE_STANDARD = "gnu++20";
				CLANG_ENABLE_MODULES = YES;
				CLANG_ENABLE_OBJC_ARC = YES;
				CLANG_ENABLE_OBJC_WEAK = YES;
				CLANG_WARN_BLOCK_CAPTURE_AUTORELEASING = YES;
				CLANG_WARN_BOOL_CONVERSION = YES;
				CLANG_WARN_COMMA = YES;
				CLANG_WARN_CONSTANT_CONVERSION = YES;
				CLANG_WARN_DEPRECATED_OBJC_IMPLEMENTATIONS = YES;
				CLANG_WARN_DIRECT_OBJC_ISA_USAGE = YES_ERROR;
				CLANG_WARN_DOCUMENTATION_COMMENTS = YES;
				CLANG_WARN_EMPTY_BODY = YES;
				CLANG_WARN_ENUM_CONVERSION = YES;
				CLANG_WARN_INFINITE_RECURSION = YES;
				CLANG_WARN_INT_CONVERSION = YES;
				CLANG_WARN_NON_LITERAL_NULL_CONVERSION = YES;
				CLANG_WARN_OBJC_IMPLICIT_RETAIN_SELF = YES;
				CLANG_WARN_OBJC_LITERAL_CONVERSION = YES;
				CLANG_WARN_OBJC_ROOT_CLASS = YES_ERROR;
				CLANG_WARN_QUOTED_INCLUDE_IN_FRAMEWORK_HEADER = YES;
				CLANG_WARN_RANGE_LOOP_ANALYSIS = YES;
				CLANG_WARN_STRICT_PROTOTYPES = YES;
				CLANG_WARN_SUSPICIOUS_MOVE = YES;
				CLANG_WARN_UNGUARDED_AVAILABILITY = YES_AGGRESSIVE;
				CLANG_WARN_UNREACHABLE_CODE = YES;
				CLANG_WARN__DUPLICATE_METHOD_MATCH = YES;
				COPY_PHASE_STRIP = NO;
				DEBUG_INFORMATION_FORMAT = "dwarf-with-dsym";
				ENABLE_NS_ASSERTIONS = NO;
				ENABLE_STRICT_OBJC_MSGSEND = YES;
				ENABLE_USER_SCRIPT_SANDBOXING = YES;
				GCC_C_LANGUAGE_STANDARD = gnu17;
				GCC_NO_COMMON_BLOCKS = YES;
				GCC_WARN_64_TO_32_BIT_CONVERSION = YES;
				GCC_WARN_ABOUT_RETURN_TYPE = YES_ERROR;
				GCC_WARN_UNDECLARED_SELECTOR = YES;
				GCC_WARN_UNINITIALIZED_AUTOS = YES_AGGRESSIVE;
				GCC_WARN_UNUSED_FUNCTION = YES;
				GCC_WARN_UNUSED_VARIABLE = YES;
				IPHONEOS_DEPLOYMENT_TARGET = 17.0;
				LOCALIZATION_PREFERS_STRING_CATALOGS = YES;
				MTL_ENABLE_DEBUG_INFO = NO;
				MTL_FAST_MATH = YES;
				SDKROOT = iphoneos;
				SWIFT_COMPILATION_MODE = wholemodule;
				VALIDATE_PRODUCT = YES;
			};
			name = Release;
		};
		526909C42BE33B9D009BE4C5 /* Debug */ = {
			isa = XCBuildConfiguration;
			buildSettings = {
				ASSETCATALOG_COMPILER_APPICON_NAME = AppIcon;
				ASSETCATALOG_COMPILER_GLOBAL_ACCENT_COLOR_NAME = AccentColor;
				CODE_SIGN_STYLE = Automatic;
				CURRENT_PROJECT_VERSION = 1;
				DEVELOPMENT_ASSET_PATHS = "\"ShoppingApp/Preview Content\"";
				DEVELOPMENT_TEAM = 38U43S9P8Q;
				ENABLE_PREVIEWS = YES;
				GENERATE_INFOPLIST_FILE = YES;
				INFOPLIST_KEY_UIApplicationSceneManifest_Generation = YES;
				INFOPLIST_KEY_UIApplicationSupportsIndirectInputEvents = YES;
				INFOPLIST_KEY_UILaunchScreen_Generation = YES;
				INFOPLIST_KEY_UISupportedInterfaceOrientations_iPad = "UIInterfaceOrientationPortrait UIInterfaceOrientationPortraitUpsideDown UIInterfaceOrientationLandscapeLeft UIInterfaceOrientationLandscapeRight";
				INFOPLIST_KEY_UISupportedInterfaceOrientations_iPhone = "UIInterfaceOrientationPortrait UIInterfaceOrientationLandscapeLeft UIInterfaceOrientationLandscapeRight";
				LD_RUNPATH_SEARCH_PATHS = (
					"$(inherited)",
					"@executable_path/Frameworks",
				);
				MARKETING_VERSION = 1.0;
				PRODUCT_BUNDLE_IDENTIFIER = deletech.co.ke.ShoppingApp;
				PRODUCT_NAME = "$(TARGET_NAME)";
				SWIFT_EMIT_LOC_STRINGS = YES;
				SWIFT_VERSION = 5.0;
				TARGETED_DEVICE_FAMILY = "1,2";
			};
			name = Debug;
		};
		526909C52BE33B9D009BE4C5 /* Release */ = {
			isa = XCBuildConfiguration;
			buildSettings = {
				ASSETCATALOG_COMPILER_APPICON_NAME = AppIcon;
				ASSETCATALOG_COMPILER_GLOBAL_ACCENT_COLOR_NAME = AccentColor;
				CODE_SIGN_STYLE = Automatic;
				CURRENT_PROJECT_VERSION = 1;
				DEVELOPMENT_ASSET_PATHS = "\"ShoppingApp/Preview Content\"";
				DEVELOPMENT_TEAM = 38U43S9P8Q;
				ENABLE_PREVIEWS = YES;
				GENERATE_INFOPLIST_FILE = YES;
				INFOPLIST_KEY_UIApplicationSceneManifest_Generation = YES;
				INFOPLIST_KEY_UIApplicationSupportsIndirectInputEvents = YES;
				INFOPLIST_KEY_UILaunchScreen_Generation = YES;
				INFOPLIST_KEY_UISupportedInterfaceOrientations_iPad = "UIInterfaceOrientationPortrait UIInterfaceOrientationPortraitUpsideDown UIInterfaceOrientationLandscapeLeft UIInterfaceOrientationLandscapeRight";
				INFOPLIST_KEY_UISupportedInterfaceOrientations_iPhone = "UIInterfaceOrientationPortrait UIInterfaceOrientationLandscapeLeft UIInterfaceOrientationLandscapeRight";
				LD_RUNPATH_SEARCH_PATHS = (
					"$(inherited)",
					"@executable_path/Frameworks",
				);
				MARKETING_VERSION = 1.0;
				PRODUCT_BUNDLE_IDENTIFIER = deletech.co.ke.ShoppingApp;
				PRODUCT_NAME = "$(TARGET_NAME)";
				SWIFT_EMIT_LOC_STRINGS = YES;
				SWIFT_VERSION = 5.0;
				TARGETED_DEVICE_FAMILY = "1,2";
			};
			name = Release;
		};
/* End XCBuildConfiguration section */

/* Begin XCConfigurationList section */
		526909B02BE33B9B009BE4C5 /* Build configuration list for PBXProject "ShoppingApp" */ = {
			isa = XCConfigurationList;
			buildConfigurations = (
				526909C12BE33B9D009BE4C5 /* Debug */,
				526909C22BE33B9D009BE4C5 /* Release */,
			);
			defaultConfigurationIsVisible = 0;
			defaultConfigurationName = Release;
		};
		526909C32BE33B9D009BE4C5 /* Build configuration list for PBXNativeTarget "ShoppingApp" */ = {
			isa = XCConfigurationList;
			buildConfigurations = (
				526909C42BE33B9D009BE4C5 /* Debug */,
				526909C52BE33B9D009BE4C5 /* Release */,
			);
			defaultConfigurationIsVisible = 0;
			defaultConfigurationName = Release;
		};
/* End XCConfigurationList section */
	};
	rootObject = 526909AD2BE33B9B009BE4C5 /* Project object */;
}
